
Microsoft Visual Studio Solution File, Format Version 12.00
# Visual Studio Version 17
VisualStudioVersion = 17.6.33829.357
MinimumVisualStudioVersion = 10.0.40219.1
Project("{FAE04EC0-301F-11D3-BF4B-00C04F79EFBC}") = "ShopTrangSuc", "ShopTrangSuc\ShopTrangSuc.csproj", "{9E16188C-48DD-4B8C-B3FB-D35BDFA56F9C}"
	ProjectSection(ProjectDependencies) = postProject
		{1C7C72FE-D5E1-489A-BA60-F2C96A7C01F3} = {1C7C72FE-D5E1-489A-BA60-F2C96A7C01F3}
		{AABACCDB-3329-46C0-8B01-C79B0A1CC37A} = {AABACCDB-3329-46C0-8B01-C79B0A1CC37A}
	EndProjectSection
EndProject
Project("{FAE04EC0-301F-11D3-BF4B-00C04F79EFBC}") = "AppAPI", "AppAPI\AppAPI.csproj", "{AABACCDB-3329-46C0-8B01-C79B0A1CC37A}"
EndProject
Project("{FAE04EC0-301F-11D3-BF4B-00C04F79EFBC}") = "AppData", "AppData\AppData.csproj", "{1C7C72FE-D5E1-489A-BA60-F2C96A7C01F3}"
EndProject
Global
	GlobalSection(SolutionConfigurationPlatforms) = preSolution
		Debug|Any CPU = Debug|Any CPU
		Release|Any CPU = Release|Any CPU
	EndGlobalSection
	GlobalSection(ProjectConfigurationPlatforms) = postSolution
		{9E16188C-48DD-4B8C-B3FB-D35BDFA56F9C}.Debug|Any CPU.ActiveCfg = Debug|Any CPU
		{9E16188C-48DD-4B8C-B3FB-D35BDFA56F9C}.Debug|Any CPU.Build.0 = Debug|Any CPU
		{9E16188C-48DD-4B8C-B3FB-D35BDFA56F9C}.Release|Any CPU.ActiveCfg = Release|Any CPU
		{9E16188C-48DD-4B8C-B3FB-D35BDFA56F9C}.Release|Any CPU.Build.0 = Release|Any CPU
		{AABACCDB-3329-46C0-8B01-C79B0A1CC37A}.Debug|Any CPU.ActiveCfg = Debug|Any CPU
		{AABACCDB-3329-46C0-8B01-C79B0A1CC37A}.Debug|Any CPU.Build.0 = Debug|Any CPU
		{AABACCDB-3329-46C0-8B01-C79B0A1CC37A}.Release|Any CPU.ActiveCfg = Release|Any CPU
		{AABACCDB-3329-46C0-8B01-C79B0A1CC37A}.Release|Any CPU.Build.0 = Release|Any CPU
		{1C7C72FE-D5E1-489A-BA60-F2C96A7C01F3}.Debug|Any CPU.ActiveCfg = Debug|Any CPU
		{1C7C72FE-D5E1-489A-BA60-F2C96A7C01F3}.Debug|Any CPU.Build.0 = Debug|Any CPU
		{1C7C72FE-D5E1-489A-BA60-F2C96A7C01F3}.Release|Any CPU.ActiveCfg = Release|Any CPU
		{1C7C72FE-D5E1-489A-BA60-F2C96A7C01F3}.Release|Any CPU.Build.0 = Release|Any CPU
	EndGlobalSection
	GlobalSection(SolutionProperties) = preSolution
		HideSolutionNode = FALSE
	EndGlobalSection
	GlobalSection(ExtensibilityGlobals) = postSolution
		SolutionGuid = {2C253851-82E3-433A-852F-FC2F3F0448DC}
	EndGlobalSection
EndGlobal
